{
  "version": 4,
  "terraform_version": "1.3.4",
  "serial": 13,
  "lineage": "798c57bd-220f-9ef5-c06e-8d34d5d2acd4",
  "outputs": {
    "devops_op_trainer": {
      "value": "",
      "type": "string"
    },
    "test_try": {
      "value": "ami-abc123",
      "type": "string"
    }
  },
  "resources": [
    {
      "mode": "managed",
      "type": "local_file",
      "name": "devops",
      "provider": "provider[\"registry.terraform.io/hashicorp/local\"]",
      "instances": [
        {
          "schema_version": 0,
          "attributes": {
            "content": "this is cool content1",
            "content_base64": null,
            "directory_permission": "0777",
            "file_permission": "0777",
            "filename": "/home/dev-tanmoy/terraform-learning/terraform-veriables/devops_test.txt",
            "id": "e53118a85c6372495518f8ed1edbf27318099a71",
            "sensitive_content": null,
            "source": null
          },
          "sensitive_attributes": [],
          "private": "bnVsbA=="
        }
      ]
    },
    {
      "mode": "managed",
      "type": "local_file",
      "name": "devops-var",
      "provider": "provider[\"registry.terraform.io/hashicorp/local\"]",
      "instances": [
        {
          "schema_version": 0,
          "attributes": {
            "content": "this is cool content2",
            "content_base64": null,
            "directory_permission": "0777",
            "file_permission": "0777",
            "filename": "/home/dev-tanmoy/terraform-learning/terraform-veriables/devops-automated.txt",
            "id": "e5ad7b09f353cede4abc4757aaed5818e3bfe14d",
            "sensitive_content": null,
            "source": null
          },
          "sensitive_attributes": [],
          "private": "bnVsbA=="
        }
      ]
    }
  ],
  "check_results": null
}
